
Microsoft Visual Studio Solution File, Format Version 12.00
# Visual Studio Version 16
VisualStudioVersion = 16.0.810.6
MinimumVisualStudioVersion = 10.0.40219.1
Project("{FAE04EC0-301F-11D3-BF4B-00C04F79EFBC}") = "UnderstandingControllers", "UnderstandingControllers\UnderstandingControllers.csproj", "{CCE3A1F9-A69E-4ACD-B312-508DD3BB20EC}"
EndProject
Global
	GlobalSection(SolutionConfigurationPlatforms) = preSolution
		Debug|Any CPU = Debug|Any CPU
		Release|Any CPU = Release|Any CPU
	EndGlobalSection
	GlobalSection(ProjectConfigurationPlatforms) = postSolution
		{CCE3A1F9-A69E-4ACD-B312-508DD3BB20EC}.Debug|Any CPU.ActiveCfg = Debug|Any CPU
		{CCE3A1F9-A69E-4ACD-B312-508DD3BB20EC}.Debug|Any CPU.Build.0 = Debug|Any CPU
		{CCE3A1F9-A69E-4ACD-B312-508DD3BB20EC}.Release|Any CPU.ActiveCfg = Release|Any CPU
		{CCE3A1F9-A69E-4ACD-B312-508DD3BB20EC}.Release|Any CPU.Build.0 = Release|Any CPU
	EndGlobalSection
	GlobalSection(SolutionProperties) = preSolution
		HideSolutionNode = FALSE
	EndGlobalSection
	GlobalSection(ExtensibilityGlobals) = postSolution
		SolutionGuid = {7606A787-2E07-4216-90A2-49EA052AD197}
	EndGlobalSection
EndGlobal
